<?xml version="1.0" encoding="utf-8"?>
<Project ToolsVersion="4.0" xmlns="http://schemas.microsoft.com/developer/msbuild/2003">
  <ItemGroup>
    <Filter Include="Source Files">
      <UniqueIdentifier>{4FC737F1-C7A5-4376-A066-2A32D752A2FF}</UniqueIdentifier>
      <Extensions>cpp;c;cc;cxx;def;odl;idl;hpj;bat;asm;asmx</Extensions>
    </Filter>
    <Filter Include="Header Files">
      <UniqueIdentifier>{93995380-89BD-4b04-88EB-625FBE52EBFB}</UniqueIdentifier>
      <Extensions>h;hh;hpp;hxx;hm;inl;inc;ipp;xsd</Extensions>
    </Filter>
    <Filter Include="Resource Files">
      <UniqueIdentifier>{67DA6AB6-F800-4c08-8B7A-83BB121AAD01}</UniqueIdentifier>
      <Extensions>rc;ico;cur;bmp;dlg;rc2;rct;bin;rgs;gif;jpg;jpeg;jpe;resx;tiff;tif;png;wav;mfcribbon-ms</Extensions>
    </Filter>
    <Filter Include="Header Files\Graphics">
      <UniqueIdentifier>{5cc7d147-0c59-45bb-8a90-15eff7e6b8ff}</UniqueIdentifier>
    </Filter>
    <Filter Include="Source Files\Graphics">
      <UniqueIdentifier>{7d1040e9-a099-4199-ae33-15d289dd64c8}</UniqueIdentifier>
    </Filter>
    <Filter Include="Header Files\Graphics\ImGui">
      <UniqueIdentifier>{a41ffcd1-2fd4-4037-9a3a-5d9e9e7cdb8f}</UniqueIdentifier>
    </Filter>
    <Filter Include="Source Files\Graphics\ImGui">
      <UniqueIdentifier>{eb2aff32-39f2-428f-99f1-513ee9e69497}</UniqueIdentifier>
    </Filter>
    <Filter Include="Header Files\Graphics\Lights">
      <UniqueIdentifier>{06979298-0966-4514-9738-68e777a68249}</UniqueIdentifier>
    </Filter>
    <Filter Include="Header Files\Input">
      <UniqueIdentifier>{59b56594-e80d-4fa2-9081-25cc39278f88}</UniqueIdentifier>
    </Filter>
    <Filter Include="Header Files\Input\Mouse">
      <UniqueIdentifier>{8175e380-56c1-4db2-9868-ba056ba7f079}</UniqueIdentifier>
    </Filter>
    <Filter Include="Header Files\Input\Keyboard">
      <UniqueIdentifier>{b1e57e25-ed7e-4cc9-92af-4288acb9daa0}</UniqueIdentifier>
    </Filter>
    <Filter Include="Source Files\Graphics\Utility">
      <UniqueIdentifier>{0c4f9407-9ff4-4e0d-a400-7ce617f548d8}</UniqueIdentifier>
    </Filter>
    <Filter Include="Source Files\Graphics\Lights">
      <UniqueIdentifier>{7554f88d-af9c-4037-bcf0-79a0a2075dd3}</UniqueIdentifier>
    </Filter>
    <Filter Include="Source Files\Input">
      <UniqueIdentifier>{6ac19b60-d014-4399-a03e-ca7fb22e58c2}</UniqueIdentifier>
    </Filter>
    <Filter Include="Source Files\Input\Keyboard">
      <UniqueIdentifier>{2161a308-8c0b-4c2d-a89f-dcdc0160e7bb}</UniqueIdentifier>
    </Filter>
    <Filter Include="Source Files\Input\Mouse">
      <UniqueIdentifier>{743f6807-f817-46d9-9cc3-0fd69b067fa2}</UniqueIdentifier>
    </Filter>
    <Filter Include="Header Files\Utility">
      <UniqueIdentifier>{beb0fe9f-51a1-4d61-a1c0-46435ede519e}</UniqueIdentifier>
    </Filter>
    <Filter Include="Source Files\Utility">
      <UniqueIdentifier>{697a95dd-aac3-476a-a9f7-941069ce123d}</UniqueIdentifier>
    </Filter>
    <Filter Include="Header Files\Graphics\Utility">
      <UniqueIdentifier>{4c2c7ca0-54ba-4f70-b21b-cbd7d8c8616c}</UniqueIdentifier>
    </Filter>
    <Filter Include="Header Files\Graphics\Buffers">
      <UniqueIdentifier>{9306694b-6ee1-4f41-a880-e6957d311c35}</UniqueIdentifier>
    </Filter>
    <Filter Include="Header Files\Physics">
      <UniqueIdentifier>{6e212aa7-51a6-4f92-a7a9-e42fbf10aa29}</UniqueIdentifier>
    </Filter>
    <Filter Include="Source Files\Physics">
      <UniqueIdentifier>{55092caf-182e-4cc4-b81d-2da0a63600b3}</UniqueIdentifier>
    </Filter>
    <Filter Include="Resource Files\shaders">
      <UniqueIdentifier>{112fce0e-6f49-4f27-8617-a4e3a96896a4}</UniqueIdentifier>
    </Filter>
  </ItemGroup>
  <ItemGroup>
    <ClCompile Include="src\graphics\imgui\imgui.cpp">
      <Filter>Source Files</Filter>
    </ClCompile>
    <ClCompile Include="src\graphics\imgui\imgui_draw.cpp">
      <Filter>Source Files</Filter>
    </ClCompile>
    <ClCompile Include="src\graphics\imgui\imgui_impl_dx11.cpp">
      <Filter>Source Files</Filter>
    </ClCompile>
    <ClCompile Include="src\graphics\imgui\imgui_impl_win32.cpp">
      <Filter>Source Files</Filter>
    </ClCompile>
    <ClCompile Include="src\graphics\imgui\imgui_widgets.cpp">
      <Filter>Source Files</Filter>
    </ClCompile>
    <ClCompile Include="src\entity\lights\light_game_object.cpp">
      <Filter>Source Files</Filter>
    </ClCompile>
    <ClCompile Include="src\entity\lights\point_light_game_object.cpp">
      <Filter>Source Files</Filter>
    </ClCompile>
    <ClCompile Include="src\entity\lights\spot_light_game_object.cpp">
      <Filter>Source Files</Filter>
    </ClCompile>
    <ClCompile Include="src\utils\adapter_reader.cpp">
      <Filter>Source Files</Filter>
    </ClCompile>
    <ClCompile Include="src\entity\utils\game_object_controller.cpp">
      <Filter>Source Files</Filter>
    </ClCompile>
    <ClCompile Include="src\entity\utils\game_object_track.cpp">
      <Filter>Source Files</Filter>
    </ClCompile>
    <ClCompile Include="src\graphics\data\resource_manager.cpp">
      <Filter>Source Files</Filter>
    </ClCompile>
    <ClCompile Include="src\entity\camera_game_object.cpp">
      <Filter>Source Files</Filter>
    </ClCompile>
    <ClCompile Include="src\graphics\data\colour.cpp">
      <Filter>Source Files</Filter>
    </ClCompile>
    <ClCompile Include="src\entity\game_object.cpp">
      <Filter>Source Files</Filter>
    </ClCompile>
    <ClCompile Include="src\graphics\graphics_handler.cpp">
      <Filter>Source Files</Filter>
    </ClCompile>
    <ClCompile Include="src\graphics\data\mesh.cpp">
      <Filter>Source Files</Filter>
    </ClCompile>
    <ClCompile Include="src\graphics\data\model.cpp">
      <Filter>Source Files</Filter>
    </ClCompile>
    <ClCompile Include="src\entity\physics_game_object.cpp">
      <Filter>Source Files</Filter>
    </ClCompile>
    <ClCompile Include="src\entity\renderable_game_object.cpp">
      <Filter>Source Files</Filter>
    </ClCompile>
    <ClCompile Include="src\graphics\shaders\shader.cpp">
      <Filter>Source Files</Filter>
    </ClCompile>
    <ClCompile Include="src\graphics\data\texture.cpp">
      <Filter>Source Files</Filter>
    </ClCompile>
    <ClCompile Include="src\physics\transform.cpp">
      <Filter>Source Files</Filter>
    </ClCompile>
    <ClCompile Include="src\input\keyboard\keyboard.cpp">
      <Filter>Source Files</Filter>
    </ClCompile>
    <ClCompile Include="src\input\keyboard\keyboard_event.cpp">
      <Filter>Source Files</Filter>
    </ClCompile>
    <ClCompile Include="src\input\mouse\mouse.cpp">
      <Filter>Source Files</Filter>
    </ClCompile>
    <ClCompile Include="src\input\mouse\mouse_event.cpp">
      <Filter>Source Files</Filter>
    </ClCompile>
    <ClCompile Include="src\physics\particle_model.cpp">
      <Filter>Source Files</Filter>
    </ClCompile>
    <ClCompile Include="src\physics\rigid_body.cpp">
      <Filter>Source Files</Filter>
    </ClCompile>
    <ClCompile Include="src\utils\error_logger.cpp">
      <Filter>Source Files</Filter>
    </ClCompile>
    <ClCompile Include="src\utils\timer.cpp">
      <Filter>Source Files</Filter>
    </ClCompile>
    <ClCompile Include="src\horizon.cpp">
      <Filter>Source Files</Filter>
    </ClCompile>
    <ClCompile Include="src\main.cpp">
      <Filter>Source Files</Filter>
    </ClCompile>
    <ClCompile Include="src\render_window.cpp">
      <Filter>Source Files</Filter>
    </ClCompile>
    <ClCompile Include="src\window_container.cpp">
      <Filter>Source Files</Filter>
    </ClCompile>
    <ClCompile Include="src\physics\particle_system\particle_system.cpp">
      <Filter>Source Files</Filter>
    </ClCompile>
    <ClCompile Include="src\physics\spring.cpp">
      <Filter>Source Files</Filter>
    </ClCompile>
    <ClCompile Include="src\physics\particle_system\particle_system_emitter.cpp">
      <Filter>Source Files</Filter>
    </ClCompile>
    <ClCompile Include="src\physics\particle_system\particle_system_particle.cpp">
      <Filter>Source Files</Filter>
    </ClCompile>
    <ClCompile Include="src\scene\scene_loader.cpp">
      <Filter>Source Files</Filter>
    </ClCompile>
    <ClCompile Include="src\scene\scene_manager.cpp">
      <Filter>Source Files</Filter>
    </ClCompile>
    <ClCompile Include="src\scene\config\scene_config.cpp">
      <Filter>Source Files</Filter>
    </ClCompile>
    <ClCompile Include="src\input\input_manager.cpp">
      <Filter>Source Files</Filter>
    </ClCompile>
    <ClCompile Include="src\user_config.cpp">
      <Filter>Source Files</Filter>
    </ClCompile>
    <ClCompile Include="src\graphics\buffers\geometry_buffer.cpp">
      <Filter>Source Files</Filter>
    </ClCompile>
    <ClCompile Include="src\graphics\data\render_textures.cpp">
      <Filter>Source Files</Filter>
    </ClCompile>
    <ClCompile Include="src\graphics\image_renderer.cpp">
      <Filter>Source Files</Filter>
    </ClCompile>
    <ClCompile Include="src\graphics\data\material.cpp">
      <Filter>Source Files</Filter>
    </ClCompile>
    <ClCompile Include="src\graphics\post_process\post_process.cpp">
      <Filter>Source Files</Filter>
    </ClCompile>
    <ClCompile Include="src\graphics\post_process\gbuffer_post_process.cpp">
      <Filter>Source Files</Filter>
    </ClCompile>
    <ClCompile Include="src\graphics\post_process\gaussian_blur_post_process.cpp">
      <Filter>Source Files</Filter>
    </ClCompile>
    <ClCompile Include="src\graphics\post_process\bloom_post_process.cpp">
      <Filter>Source Files</Filter>
    </ClCompile>
    <ClCompile Include="src\graphics\post_process\sepia_post_process.cpp">
      <Filter>Source Files</Filter>
    </ClCompile>
    <ClCompile Include="src\graphics\post_process\grayscale_post_process.cpp">
      <Filter>Source Files</Filter>
    </ClCompile>
  </ItemGroup>
  <ItemGroup>
    <ClInclude Include="src\graphics\buffers\constant_buffer.h">
      <Filter>Header Files</Filter>
    </ClInclude>
    <ClInclude Include="src\graphics\buffers\constant_buffer_types.h">
      <Filter>Header Files</Filter>
    </ClInclude>
    <ClInclude Include="src\graphics\buffers\index_buffer.h">
      <Filter>Header Files</Filter>
    </ClInclude>
    <ClInclude Include="src\graphics\buffers\vertex_buffer.h">
      <Filter>Header Files</Filter>
    </ClInclude>
    <ClInclude Include="src\graphics\imgui\imconfig.h">
      <Filter>Header Files</Filter>
    </ClInclude>
    <ClInclude Include="src\graphics\imgui\imgui.h">
      <Filter>Header Files</Filter>
    </ClInclude>
    <ClInclude Include="src\graphics\imgui\imgui_impl_dx11.h">
      <Filter>Header Files</Filter>
    </ClInclude>
    <ClInclude Include="src\graphics\imgui\imgui_impl_win32.h">
      <Filter>Header Files</Filter>
    </ClInclude>
    <ClInclude Include="src\graphics\imgui\imgui_internal.h">
      <Filter>Header Files</Filter>
    </ClInclude>
    <ClInclude Include="src\graphics\imgui\imstb_rectpack.h">
      <Filter>Header Files</Filter>
    </ClInclude>
    <ClInclude Include="src\graphics\imgui\imstb_textedit.h">
      <Filter>Header Files</Filter>
    </ClInclude>
    <ClInclude Include="src\graphics\imgui\imstb_truetype.h">
      <Filter>Header Files</Filter>
    </ClInclude>
    <ClInclude Include="src\entity\lights\light_game_object.h">
      <Filter>Header Files</Filter>
    </ClInclude>
    <ClInclude Include="src\entity\lights\point_light_game_object.h">
      <Filter>Header Files</Filter>
    </ClInclude>
    <ClInclude Include="src\entity\lights\spot_light_game_object.h">
      <Filter>Header Files</Filter>
    </ClInclude>
    <ClInclude Include="src\utils\adapter_reader.h">
      <Filter>Header Files</Filter>
    </ClInclude>
    <ClInclude Include="src\entity\utils\game_object_controller.h">
      <Filter>Header Files</Filter>
    </ClInclude>
    <ClInclude Include="src\entity\utils\game_object_track.h">
      <Filter>Header Files</Filter>
    </ClInclude>
    <ClInclude Include="src\graphics\data\resource_manager.h">
      <Filter>Header Files</Filter>
    </ClInclude>
    <ClInclude Include="src\entity\camera_game_object.h">
      <Filter>Header Files</Filter>
    </ClInclude>
    <ClInclude Include="src\graphics\data\colour.h">
      <Filter>Header Files</Filter>
    </ClInclude>
    <ClInclude Include="src\entity\game_object.h">
      <Filter>Header Files</Filter>
    </ClInclude>
    <ClInclude Include="src\graphics\graphics_handler.h">
      <Filter>Header Files</Filter>
    </ClInclude>
    <ClInclude Include="src\graphics\data\mesh.h">
      <Filter>Header Files</Filter>
    </ClInclude>
    <ClInclude Include="src\graphics\data\model.h">
      <Filter>Header Files</Filter>
    </ClInclude>
    <ClInclude Include="src\entity\physics_game_object.h">
      <Filter>Header Files</Filter>
    </ClInclude>
    <ClInclude Include="src\entity\renderable_game_object.h">
      <Filter>Header Files</Filter>
    </ClInclude>
    <ClInclude Include="src\graphics\shaders\shader.h">
      <Filter>Header Files</Filter>
    </ClInclude>
    <ClInclude Include="src\graphics\data\texture.h">
      <Filter>Header Files</Filter>
    </ClInclude>
    <ClInclude Include="src\physics\transform.h">
      <Filter>Header Files</Filter>
    </ClInclude>
    <ClInclude Include="src\graphics\data\vertex.h">
      <Filter>Header Files</Filter>
    </ClInclude>
    <ClInclude Include="src\input\keyboard\keyboard.h">
      <Filter>Header Files</Filter>
    </ClInclude>
    <ClInclude Include="src\input\keyboard\keyboard_event.h">
      <Filter>Header Files</Filter>
    </ClInclude>
    <ClInclude Include="src\input\mouse\mouse.h">
      <Filter>Header Files</Filter>
    </ClInclude>
    <ClInclude Include="src\input\mouse\mouse_event.h">
      <Filter>Header Files</Filter>
    </ClInclude>
    <ClInclude Include="src\physics\particle_model.h">
      <Filter>Header Files</Filter>
    </ClInclude>
    <ClInclude Include="src\physics\rigid_body.h">
      <Filter>Header Files</Filter>
    </ClInclude>
    <ClInclude Include="src\utils\com_exception.h">
      <Filter>Header Files</Filter>
    </ClInclude>
    <ClInclude Include="src\utils\error_logger.h">
      <Filter>Header Files</Filter>
    </ClInclude>
    <ClInclude Include="src\utils\string_helpers.h">
      <Filter>Header Files</Filter>
    </ClInclude>
    <ClInclude Include="src\utils\timer.h">
      <Filter>Header Files</Filter>
    </ClInclude>
    <ClInclude Include="src\horizon.h">
      <Filter>Header Files</Filter>
    </ClInclude>
    <ClInclude Include="src\render_window.h">
      <Filter>Header Files</Filter>
    </ClInclude>
    <ClInclude Include="src\window_container.h">
      <Filter>Header Files</Filter>
    </ClInclude>
    <ClInclude Include="src\physics\particle_system\particle_system.h">
      <Filter>Header Files</Filter>
    </ClInclude>
    <ClInclude Include="src\physics\spring.h">
      <Filter>Header Files</Filter>
    </ClInclude>
    <ClInclude Include="src\physics\particle_system\particle_system_emitter.h">
      <Filter>Header Files</Filter>
    </ClInclude>
    <ClInclude Include="src\physics\particle_system\particle_system_particle.h">
      <Filter>Header Files</Filter>
    </ClInclude>
    <ClInclude Include="src\scene\scene_loader.h">
      <Filter>Header Files</Filter>
    </ClInclude>
    <ClInclude Include="src\utils\io_helpers.h">
      <Filter>Header Files</Filter>
    </ClInclude>
    <ClInclude Include="src\scene\scene_manager.h">
      <Filter>Header Files</Filter>
    </ClInclude>
    <ClInclude Include="src\scene\config\scene_config.h">
      <Filter>Header Files</Filter>
    </ClInclude>
    <ClInclude Include="src\scene\config\config_types.h">
      <Filter>Header Files</Filter>
    </ClInclude>
    <ClInclude Include="src\input\input_manager.h">
      <Filter>Header Files</Filter>
    </ClInclude>
    <ClInclude Include="src\user_config.h">
      <Filter>Header Files</Filter>
    </ClInclude>
    <ClInclude Include="src\physics\utils\collision_helpers.h">
      <Filter>Header Files</Filter>
    </ClInclude>
    <ClInclude Include="src\graphics\render_pass_config.h">
      <Filter>Header Files</Filter>
    </ClInclude>
    <ClInclude Include="src\graphics\buffers\geometry_buffer.h">
      <Filter>Header Files</Filter>
    </ClInclude>
    <ClInclude Include="src\graphics\data\render_textures.h">
      <Filter>Header Files</Filter>
    </ClInclude>
    <ClInclude Include="src\graphics\image_renderer.h">
      <Filter>Header Files</Filter>
    </ClInclude>
    <ClInclude Include="src\graphics\data\material.h">
      <Filter>Header Files</Filter>
    </ClInclude>
    <ClInclude Include="src\utils\json_helpers.h">
      <Filter>Header Files</Filter>
    </ClInclude>
    <ClInclude Include="src\graphics\post_process\post_process.h">
      <Filter>Header Files</Filter>
    </ClInclude>
    <ClInclude Include="src\graphics\post_process\gbuffer_post_process.h">
      <Filter>Header Files</Filter>
    </ClInclude>
    <ClInclude Include="src\graphics\post_process\gaussian_blur_post_process.h">
      <Filter>Header Files</Filter>
    </ClInclude>
    <ClInclude Include="src\graphics\post_process\bloom_post_process.h">
      <Filter>Header Files</Filter>
    </ClInclude>
    <ClInclude Include="src\graphics\post_process\sepia_post_process.h">
      <Filter>Header Files</Filter>
    </ClInclude>
    <ClInclude Include="src\graphics\post_process\grayscale_post_process.h">
      <Filter>Header Files</Filter>
    </ClInclude>
  </ItemGroup>
  <ItemGroup>
    <FxCompile Include="res\shader\pixel\standard\ps_no_light.hlsl" />
    <FxCompile Include="res\shader\compute\cs_noise_gen.hlsl" />
    <FxCompile Include="res\shader\pixel\gbuffer\ps_gbuf_r_default.hlsl" />
    <FxCompile Include="res\shader\pixel\gbuffer\ps_gbuf_w_default.hlsl" />
    <FxCompile Include="res\shader\pixel\standard\ps_atmospheric.hlsl" />
    <FxCompile Include="res\shader\pixel\standard\ps_clouds.hlsl" />
    <FxCompile Include="res\shader\pixel\standard\ps_default.hlsl" />
    <FxCompile Include="res\shader\pixel\standard\ps_water.hlsl" />
    <FxCompile Include="res\shader\vertex\vs_default.hlsl" />
    <FxCompile Include="res\shader\vertex\vs_quad.hlsl" />
    <FxCompile Include="res\shader\vertex\vs_water.hlsl" />
    <FxCompile Include="res\shader\pixel\misc\ps_quad_copy.hlsl" />
    <FxCompile Include="res\shader\pixel\misc\ps_quad_iscolate_emission.hlsl" />
    <FxCompile Include="res\shader\pixel\misc\ps_sepia.hlsl" />
    <FxCompile Include="res\shader\pixel\misc\ps_grayscale.hlsl" />
    <FxCompile Include="res\shader\pixel\misc\ps_gaussian_blur_horizontal.hlsl" />
    <FxCompile Include="res\shader\pixel\misc\ps_gaussian_blur_vertical.hlsl" />
  </ItemGroup>
  <ItemGroup>
    <None Include="imgui.ini">
      <Filter>Resource Files\shaders</Filter>
    </None>
    <None Include="res\shader\shared\scene.hlsli" />
    <None Include="res\shader\shared\POM.hlsli" />
    <None Include="res\shader\shared\standard.hlsli" />
    <None Include="res\shader\shared\water.hlsli" />
    <None Include="res\shader\shared\atmospheric.hlsli" />
    <None Include="res\shader\shared\clouds.hlsli" />
    <None Include="res\materials\wood.json" />
    <None Include="res\materials\wood_clean.json" />
    <None Include="res\materials\bricks.json" />
    <None Include="res\materials\gems.json" />
    <None Include="res\materials\lava.json" />
    <None Include="res\materials\layered_rock.json" />
    <None Include="res\materials\legos.json" />
    <None Include="res\materials\matter.json" />
    <None Include="res\materials\metal.json" />
    <None Include="res\materials\mud.json" />
    <None Include="res\materials\padded_fabric.json" />
    <None Include="res\materials\pom_cube.json" />
    <None Include="res\materials\scales.json" />
    <None Include="res\materials\stone.json" />
    <None Include="res\materials\terracotta.json" />
    <None Include="res\materials\wall.json" />
    <None Include="res\materials\default.json" />
    <None Include="res\materials\clouds.json" />
    <None Include="res\materials\atmospheric.json" />
    <None Include="res\materials\axis_blue.json" />
    <None Include="res\materials\axis_green.json" />
    <None Include="res\materials\axis_red.json" />
    <None Include="res\materials\light.json" />
    <None Include="res\materials\water.json" />
    <None Include="res\materials\hrzn_statue.json" />
    <None Include="res\materials\quad.json" />
  </ItemGroup>
</Project>